
Microsoft Visual Studio Solution File, Format Version 12.00
# Visual Studio 15
VisualStudioVersion = 15.0.28307.168
MinimumVisualStudioVersion = 10.0.40219.1
Project("{8BC9CEB8-8B4A-11D0-8D11-00A0C91BC942}") = "AmeisenBot.NavigationServer", "AmeisenBot.NavigationServer\AmeisenBot.NavigationServer.vcxproj", "{DBB5FF6E-3829-4045-875F-F35A7CBC9ECA}"
EndProject
Global
	GlobalSection(SolutionConfigurationPlatforms) = preSolution
		Debug|x64 = Debug|x64
		Debug|x86 = Debug|x86
		Release|x64 = Release|x64
		Release|x86 = Release|x86
	EndGlobalSection
	GlobalSection(ProjectConfigurationPlatforms) = postSolution
		{DBB5FF6E-3829-4045-875F-F35A7CBC9ECA}.Debug|x64.ActiveCfg = Debug|x64
		{DBB5FF6E-3829-4045-875F-F35A7CBC9ECA}.Debug|x64.Build.0 = Debug|x64
		{DBB5FF6E-3829-4045-875F-F35A7CBC9ECA}.Debug|x86.ActiveCfg = Debug|Win32
		{DBB5FF6E-3829-4045-875F-F35A7CBC9ECA}.Debug|x86.Build.0 = Debug|Win32
		{DBB5FF6E-3829-4045-875F-F35A7CBC9ECA}.Release|x64.ActiveCfg = Release|x64
		{DBB5FF6E-3829-4045-875F-F35A7CBC9ECA}.Release|x64.Build.0 = Release|x64
		{DBB5FF6E-3829-4045-875F-F35A7CBC9ECA}.Release|x86.ActiveCfg = Release|Win32
		{DBB5FF6E-3829-4045-875F-F35A7CBC9ECA}.Release|x86.Build.0 = Release|Win32
	EndGlobalSection
	GlobalSection(SolutionProperties) = preSolution
		HideSolutionNode = FALSE
	EndGlobalSection
	GlobalSection(ExtensibilityGlobals) = postSolution
		SolutionGuid = {ECBDD4E5-BC60-40F4-9704-A89C2A6A2897}
	EndGlobalSection
EndGlobal
