
Microsoft Visual Studio Solution File, Format Version 12.00
# Visual Studio Version 16
VisualStudioVersion = 16.0.29911.84
MinimumVisualStudioVersion = 10.0.40219.1
Project("{8BC9CEB8-8B4A-11D0-8D11-00A0C91BC942}") = "recastnavigation", "recastnavigation\recastnavigation.vcxproj", "{E1E5031F-CCFD-45B9-9DB1-57050AABCCFA}"
EndProject
Project("{8BC9CEB8-8B4A-11D0-8D11-00A0C91BC942}") = "AmeisenNavigation", "AmeisenNavigation\AmeisenNavigation.vcxproj", "{DBB5FF6E-3829-4045-875F-F35A7CBC9ECA}"
	ProjectSection(ProjectDependencies) = postProject
		{E1E5031F-CCFD-45B9-9DB1-57050AABCCFA} = {E1E5031F-CCFD-45B9-9DB1-57050AABCCFA}
	EndProjectSection
EndProject
Project("{8BC9CEB8-8B4A-11D0-8D11-00A0C91BC942}") = "AmeisenNavigation.Server", "AmeisenNavigation.Server\AmeisenNavigation.Server.vcxproj", "{1D74586C-A7CD-4BC6-8C09-4506FAA3DDF3}"
	ProjectSection(ProjectDependencies) = postProject
		{DBB5FF6E-3829-4045-875F-F35A7CBC9ECA} = {DBB5FF6E-3829-4045-875F-F35A7CBC9ECA}
	EndProjectSection
EndProject
Project("{FAE04EC0-301F-11D3-BF4B-00C04F79EFBC}") = "AmeisenNavigation.Tester", "AmeisenNavigation.Tester\AmeisenNavigation.Tester.csproj", "{5A492273-7EE0-4DC9-9DFD-D6F1E9CEE33B}"
EndProject
Global
	GlobalSection(SolutionConfigurationPlatforms) = preSolution
		Debug|Any CPU = Debug|Any CPU
		Debug|x64 = Debug|x64
		Debug|x86 = Debug|x86
		Release|Any CPU = Release|Any CPU
		Release|x64 = Release|x64
		Release|x86 = Release|x86
	EndGlobalSection
	GlobalSection(ProjectConfigurationPlatforms) = postSolution
		{E1E5031F-CCFD-45B9-9DB1-57050AABCCFA}.Debug|Any CPU.ActiveCfg = Debug|Win32
		{E1E5031F-CCFD-45B9-9DB1-57050AABCCFA}.Debug|Any CPU.Build.0 = Debug|Win32
		{E1E5031F-CCFD-45B9-9DB1-57050AABCCFA}.Debug|x64.ActiveCfg = Debug|x64
		{E1E5031F-CCFD-45B9-9DB1-57050AABCCFA}.Debug|x64.Build.0 = Debug|x64
		{E1E5031F-CCFD-45B9-9DB1-57050AABCCFA}.Debug|x86.ActiveCfg = Debug|Win32
		{E1E5031F-CCFD-45B9-9DB1-57050AABCCFA}.Debug|x86.Build.0 = Debug|Win32
		{E1E5031F-CCFD-45B9-9DB1-57050AABCCFA}.Release|Any CPU.ActiveCfg = Release|Win32
		{E1E5031F-CCFD-45B9-9DB1-57050AABCCFA}.Release|Any CPU.Build.0 = Release|Win32
		{E1E5031F-CCFD-45B9-9DB1-57050AABCCFA}.Release|x64.ActiveCfg = Release|x64
		{E1E5031F-CCFD-45B9-9DB1-57050AABCCFA}.Release|x64.Build.0 = Release|x64
		{E1E5031F-CCFD-45B9-9DB1-57050AABCCFA}.Release|x86.ActiveCfg = Release|Win32
		{E1E5031F-CCFD-45B9-9DB1-57050AABCCFA}.Release|x86.Build.0 = Release|Win32
		{DBB5FF6E-3829-4045-875F-F35A7CBC9ECA}.Debug|Any CPU.ActiveCfg = Debug|Win32
		{DBB5FF6E-3829-4045-875F-F35A7CBC9ECA}.Debug|Any CPU.Build.0 = Debug|Win32
		{DBB5FF6E-3829-4045-875F-F35A7CBC9ECA}.Debug|x64.ActiveCfg = Debug|x64
		{DBB5FF6E-3829-4045-875F-F35A7CBC9ECA}.Debug|x64.Build.0 = Debug|x64
		{DBB5FF6E-3829-4045-875F-F35A7CBC9ECA}.Debug|x86.ActiveCfg = Debug|Win32
		{DBB5FF6E-3829-4045-875F-F35A7CBC9ECA}.Debug|x86.Build.0 = Debug|Win32
		{DBB5FF6E-3829-4045-875F-F35A7CBC9ECA}.Release|Any CPU.ActiveCfg = Release|Win32
		{DBB5FF6E-3829-4045-875F-F35A7CBC9ECA}.Release|Any CPU.Build.0 = Release|Win32
		{DBB5FF6E-3829-4045-875F-F35A7CBC9ECA}.Release|x64.ActiveCfg = Release|x64
		{DBB5FF6E-3829-4045-875F-F35A7CBC9ECA}.Release|x64.Build.0 = Release|x64
		{DBB5FF6E-3829-4045-875F-F35A7CBC9ECA}.Release|x86.ActiveCfg = Release|Win32
		{DBB5FF6E-3829-4045-875F-F35A7CBC9ECA}.Release|x86.Build.0 = Release|Win32
		{1D74586C-A7CD-4BC6-8C09-4506FAA3DDF3}.Debug|Any CPU.ActiveCfg = Debug|Win32
		{1D74586C-A7CD-4BC6-8C09-4506FAA3DDF3}.Debug|x64.ActiveCfg = Debug|x64
		{1D74586C-A7CD-4BC6-8C09-4506FAA3DDF3}.Debug|x64.Build.0 = Debug|x64
		{1D74586C-A7CD-4BC6-8C09-4506FAA3DDF3}.Debug|x86.ActiveCfg = Debug|Win32
		{1D74586C-A7CD-4BC6-8C09-4506FAA3DDF3}.Debug|x86.Build.0 = Debug|Win32
		{1D74586C-A7CD-4BC6-8C09-4506FAA3DDF3}.Release|Any CPU.ActiveCfg = Release|Win32
		{1D74586C-A7CD-4BC6-8C09-4506FAA3DDF3}.Release|x64.ActiveCfg = Release|x64
		{1D74586C-A7CD-4BC6-8C09-4506FAA3DDF3}.Release|x64.Build.0 = Release|x64
		{1D74586C-A7CD-4BC6-8C09-4506FAA3DDF3}.Release|x86.ActiveCfg = Release|Win32
		{1D74586C-A7CD-4BC6-8C09-4506FAA3DDF3}.Release|x86.Build.0 = Release|Win32
		{5A492273-7EE0-4DC9-9DFD-D6F1E9CEE33B}.Debug|Any CPU.ActiveCfg = Debug|Any CPU
		{5A492273-7EE0-4DC9-9DFD-D6F1E9CEE33B}.Debug|Any CPU.Build.0 = Debug|Any CPU
		{5A492273-7EE0-4DC9-9DFD-D6F1E9CEE33B}.Debug|x64.ActiveCfg = Debug|Any CPU
		{5A492273-7EE0-4DC9-9DFD-D6F1E9CEE33B}.Debug|x64.Build.0 = Debug|Any CPU
		{5A492273-7EE0-4DC9-9DFD-D6F1E9CEE33B}.Debug|x86.ActiveCfg = Debug|Any CPU
		{5A492273-7EE0-4DC9-9DFD-D6F1E9CEE33B}.Debug|x86.Build.0 = Debug|Any CPU
		{5A492273-7EE0-4DC9-9DFD-D6F1E9CEE33B}.Release|Any CPU.ActiveCfg = Release|Any CPU
		{5A492273-7EE0-4DC9-9DFD-D6F1E9CEE33B}.Release|Any CPU.Build.0 = Release|Any CPU
		{5A492273-7EE0-4DC9-9DFD-D6F1E9CEE33B}.Release|x64.ActiveCfg = Release|Any CPU
		{5A492273-7EE0-4DC9-9DFD-D6F1E9CEE33B}.Release|x64.Build.0 = Release|Any CPU
		{5A492273-7EE0-4DC9-9DFD-D6F1E9CEE33B}.Release|x86.ActiveCfg = Release|Any CPU
		{5A492273-7EE0-4DC9-9DFD-D6F1E9CEE33B}.Release|x86.Build.0 = Release|Any CPU
	EndGlobalSection
	GlobalSection(SolutionProperties) = preSolution
		HideSolutionNode = FALSE
	EndGlobalSection
	GlobalSection(ExtensibilityGlobals) = postSolution
		SolutionGuid = {ECBDD4E5-BC60-40F4-9704-A89C2A6A2897}
	EndGlobalSection
EndGlobal
