<?xml version="1.0" encoding="utf-8"?>
<Project ToolsVersion="4.0" xmlns="http://schemas.microsoft.com/developer/msbuild/2003">
  <ItemGroup>
    <ClInclude Include="src\AmeisenNavigation.hpp" />
    <ClInclude Include="src\Clients\AmeisenNavClient.hpp" />
    <ClInclude Include="src\NavSources\Mmap\335a\NavArea335a.hpp" />
    <ClInclude Include="src\NavSources\Mmap\548\NavArea548.hpp" />
    <ClInclude Include="src\Helpers\Polygon.hpp" />
    <ClInclude Include="src\NavSources\Mmap\MmapFormat.hpp" />
    <ClInclude Include="src\NavSources\Mmap\MmapTileHeader.hpp" />
    <ClInclude Include="src\Utils\VectorUtils.hpp" />
    <ClInclude Include="src\Smoothing\ChaikinCurve.hpp" />
    <ClInclude Include="src\Smoothing\BezierCurve.hpp" />
    <ClInclude Include="src\Smoothing\CatmullRomSpline.hpp" />
    <ClInclude Include="src\Utils\PolyPosition.hpp" />
    <ClInclude Include="src\Utils\Vector3.hpp" />
    <ClInclude Include="src\Utils\Path.hpp" />
    <ClInclude Include="src\Clients\ClientState.hpp" />
    <ClInclude Include="src\NavSources\Mmap\MmapQueryFilterProvider.hpp" />
    <ClInclude Include="src\NavSources\INavSource.hpp" />
    <ClInclude Include="src\NavSources\Mmap\MmapNavSource.hpp" />
    <ClInclude Include="src\NavSources\Anp\AnpNavSource.hpp" />
    <ClInclude Include="src\NavSources\IQueryFilterProvider.hpp" />
    <ClInclude Include="src\NavSources\Anp\AnpQueryFilterProvider.hpp" />
  </ItemGroup>
  <ItemGroup>
    <ClCompile Include="src\AmeisenNavigation.cpp" />
  </ItemGroup>
</Project>